
Microsoft Visual Studio Solution File, Format Version 12.00
# Visual Studio 15
VisualStudioVersion = 15.0.27428.2027
MinimumVisualStudioVersion = 10.0.40219.1
Project("{9A19103F-16F7-4668-BE54-9A1E7A4F7556}") = "VerticalCalendar", "VerticalCalendar\VerticalCalendar.csproj", "{C0EE05F4-46A5-41C5-9A11-21E18D270D19}"
EndProject
Project("{FAE04EC0-301F-11D3-BF4B-00C04F79EFBC}") = "VerticalCalendar.Demo.Android", "VerticalCalendar.Demo\VerticalCalendar.Demo.Android\VerticalCalendar.Demo.Android.csproj", "{E90AB07D-D263-4E6B-A033-36B7E84BCB4B}"
EndProject
Project("{FAE04EC0-301F-11D3-BF4B-00C04F79EFBC}") = "VerticalCalendar.Demo.iOS", "VerticalCalendar.Demo\VerticalCalendar.Demo.iOS\VerticalCalendar.Demo.iOS.csproj", "{1B56CE0B-774D-4275-88BA-483275CE0B81}"
EndProject
Project("{D954291E-2A0B-460D-934E-DC6B0785DB48}") = "VerticalCalendar.Demo", "VerticalCalendar.Demo\VerticalCalendar.Demo\VerticalCalendar.Demo.shproj", "{BB088FA5-B533-4B51-B0A5-5B72262D503C}"
EndProject
Project("{2150E333-8FDC-42A3-9474-1A3956D46DE8}") = "Demo", "Demo", "{822C9A11-90C8-40F9-8881-CFBC22BFF2AB}"
EndProject
Global
	GlobalSection(SharedMSBuildProjectFiles) = preSolution
		VerticalCalendar.Demo\VerticalCalendar.Demo\VerticalCalendar.Demo.projitems*{1b56ce0b-774d-4275-88ba-483275ce0b81}*SharedItemsImports = 4
		VerticalCalendar.Demo\VerticalCalendar.Demo\VerticalCalendar.Demo.projitems*{bb088fa5-b533-4b51-b0a5-5b72262d503c}*SharedItemsImports = 13
		VerticalCalendar.Demo\VerticalCalendar.Demo\VerticalCalendar.Demo.projitems*{e90ab07d-d263-4e6b-a033-36b7e84bcb4b}*SharedItemsImports = 4
	EndGlobalSection
	GlobalSection(SolutionConfigurationPlatforms) = preSolution
		Ad-Hoc|Any CPU = Ad-Hoc|Any CPU
		Ad-Hoc|iPhone = Ad-Hoc|iPhone
		Ad-Hoc|iPhoneSimulator = Ad-Hoc|iPhoneSimulator
		AppStore|Any CPU = AppStore|Any CPU
		AppStore|iPhone = AppStore|iPhone
		AppStore|iPhoneSimulator = AppStore|iPhoneSimulator
		Debug|Any CPU = Debug|Any CPU
		Debug|iPhone = Debug|iPhone
		Debug|iPhoneSimulator = Debug|iPhoneSimulator
		Release|Any CPU = Release|Any CPU
		Release|iPhone = Release|iPhone
		Release|iPhoneSimulator = Release|iPhoneSimulator
	EndGlobalSection
	GlobalSection(ProjectConfigurationPlatforms) = postSolution
		{C0EE05F4-46A5-41C5-9A11-21E18D270D19}.Ad-Hoc|Any CPU.ActiveCfg = Release|Any CPU
		{C0EE05F4-46A5-41C5-9A11-21E18D270D19}.Ad-Hoc|Any CPU.Build.0 = Release|Any CPU
		{C0EE05F4-46A5-41C5-9A11-21E18D270D19}.Ad-Hoc|iPhone.ActiveCfg = Release|Any CPU
		{C0EE05F4-46A5-41C5-9A11-21E18D270D19}.Ad-Hoc|iPhone.Build.0 = Release|Any CPU
		{C0EE05F4-46A5-41C5-9A11-21E18D270D19}.Ad-Hoc|iPhoneSimulator.ActiveCfg = Release|Any CPU
		{C0EE05F4-46A5-41C5-9A11-21E18D270D19}.Ad-Hoc|iPhoneSimulator.Build.0 = Release|Any CPU
		{C0EE05F4-46A5-41C5-9A11-21E18D270D19}.AppStore|Any CPU.ActiveCfg = Release|Any CPU
		{C0EE05F4-46A5-41C5-9A11-21E18D270D19}.AppStore|Any CPU.Build.0 = Release|Any CPU
		{C0EE05F4-46A5-41C5-9A11-21E18D270D19}.AppStore|iPhone.ActiveCfg = Release|Any CPU
		{C0EE05F4-46A5-41C5-9A11-21E18D270D19}.AppStore|iPhone.Build.0 = Release|Any CPU
		{C0EE05F4-46A5-41C5-9A11-21E18D270D19}.AppStore|iPhoneSimulator.ActiveCfg = Release|Any CPU
		{C0EE05F4-46A5-41C5-9A11-21E18D270D19}.AppStore|iPhoneSimulator.Build.0 = Release|Any CPU
		{C0EE05F4-46A5-41C5-9A11-21E18D270D19}.Debug|Any CPU.ActiveCfg = Debug|Any CPU
		{C0EE05F4-46A5-41C5-9A11-21E18D270D19}.Debug|Any CPU.Build.0 = Debug|Any CPU
		{C0EE05F4-46A5-41C5-9A11-21E18D270D19}.Debug|iPhone.ActiveCfg = Debug|Any CPU
		{C0EE05F4-46A5-41C5-9A11-21E18D270D19}.Debug|iPhone.Build.0 = Debug|Any CPU
		{C0EE05F4-46A5-41C5-9A11-21E18D270D19}.Debug|iPhoneSimulator.ActiveCfg = Debug|Any CPU
		{C0EE05F4-46A5-41C5-9A11-21E18D270D19}.Debug|iPhoneSimulator.Build.0 = Debug|Any CPU
		{C0EE05F4-46A5-41C5-9A11-21E18D270D19}.Release|Any CPU.ActiveCfg = Release|Any CPU
		{C0EE05F4-46A5-41C5-9A11-21E18D270D19}.Release|Any CPU.Build.0 = Release|Any CPU
		{C0EE05F4-46A5-41C5-9A11-21E18D270D19}.Release|iPhone.ActiveCfg = Release|Any CPU
		{C0EE05F4-46A5-41C5-9A11-21E18D270D19}.Release|iPhone.Build.0 = Release|Any CPU
		{C0EE05F4-46A5-41C5-9A11-21E18D270D19}.Release|iPhoneSimulator.ActiveCfg = Release|Any CPU
		{C0EE05F4-46A5-41C5-9A11-21E18D270D19}.Release|iPhoneSimulator.Build.0 = Release|Any CPU
		{E90AB07D-D263-4E6B-A033-36B7E84BCB4B}.Ad-Hoc|Any CPU.ActiveCfg = Release|Any CPU
		{E90AB07D-D263-4E6B-A033-36B7E84BCB4B}.Ad-Hoc|Any CPU.Build.0 = Release|Any CPU
		{E90AB07D-D263-4E6B-A033-36B7E84BCB4B}.Ad-Hoc|Any CPU.Deploy.0 = Release|Any CPU
		{E90AB07D-D263-4E6B-A033-36B7E84BCB4B}.Ad-Hoc|iPhone.ActiveCfg = Release|Any CPU
		{E90AB07D-D263-4E6B-A033-36B7E84BCB4B}.Ad-Hoc|iPhone.Build.0 = Release|Any CPU
		{E90AB07D-D263-4E6B-A033-36B7E84BCB4B}.Ad-Hoc|iPhone.Deploy.0 = Release|Any CPU
		{E90AB07D-D263-4E6B-A033-36B7E84BCB4B}.Ad-Hoc|iPhoneSimulator.ActiveCfg = Release|Any CPU
		{E90AB07D-D263-4E6B-A033-36B7E84BCB4B}.Ad-Hoc|iPhoneSimulator.Build.0 = Release|Any CPU
		{E90AB07D-D263-4E6B-A033-36B7E84BCB4B}.Ad-Hoc|iPhoneSimulator.Deploy.0 = Release|Any CPU
		{E90AB07D-D263-4E6B-A033-36B7E84BCB4B}.AppStore|Any CPU.ActiveCfg = Release|Any CPU
		{E90AB07D-D263-4E6B-A033-36B7E84BCB4B}.AppStore|Any CPU.Build.0 = Release|Any CPU
		{E90AB07D-D263-4E6B-A033-36B7E84BCB4B}.AppStore|Any CPU.Deploy.0 = Release|Any CPU
		{E90AB07D-D263-4E6B-A033-36B7E84BCB4B}.AppStore|iPhone.ActiveCfg = Release|Any CPU
		{E90AB07D-D263-4E6B-A033-36B7E84BCB4B}.AppStore|iPhone.Build.0 = Release|Any CPU
		{E90AB07D-D263-4E6B-A033-36B7E84BCB4B}.AppStore|iPhone.Deploy.0 = Release|Any CPU
		{E90AB07D-D263-4E6B-A033-36B7E84BCB4B}.AppStore|iPhoneSimulator.ActiveCfg = Release|Any CPU
		{E90AB07D-D263-4E6B-A033-36B7E84BCB4B}.AppStore|iPhoneSimulator.Build.0 = Release|Any CPU
		{E90AB07D-D263-4E6B-A033-36B7E84BCB4B}.AppStore|iPhoneSimulator.Deploy.0 = Release|Any CPU
		{E90AB07D-D263-4E6B-A033-36B7E84BCB4B}.Debug|Any CPU.ActiveCfg = Debug|Any CPU
		{E90AB07D-D263-4E6B-A033-36B7E84BCB4B}.Debug|Any CPU.Build.0 = Debug|Any CPU
		{E90AB07D-D263-4E6B-A033-36B7E84BCB4B}.Debug|Any CPU.Deploy.0 = Debug|Any CPU
		{E90AB07D-D263-4E6B-A033-36B7E84BCB4B}.Debug|iPhone.ActiveCfg = Debug|Any CPU
		{E90AB07D-D263-4E6B-A033-36B7E84BCB4B}.Debug|iPhone.Build.0 = Debug|Any CPU
		{E90AB07D-D263-4E6B-A033-36B7E84BCB4B}.Debug|iPhone.Deploy.0 = Debug|Any CPU
		{E90AB07D-D263-4E6B-A033-36B7E84BCB4B}.Debug|iPhoneSimulator.ActiveCfg = Debug|Any CPU
		{E90AB07D-D263-4E6B-A033-36B7E84BCB4B}.Debug|iPhoneSimulator.Build.0 = Debug|Any CPU
		{E90AB07D-D263-4E6B-A033-36B7E84BCB4B}.Debug|iPhoneSimulator.Deploy.0 = Debug|Any CPU
		{E90AB07D-D263-4E6B-A033-36B7E84BCB4B}.Release|Any CPU.ActiveCfg = Release|Any CPU
		{E90AB07D-D263-4E6B-A033-36B7E84BCB4B}.Release|Any CPU.Build.0 = Release|Any CPU
		{E90AB07D-D263-4E6B-A033-36B7E84BCB4B}.Release|Any CPU.Deploy.0 = Release|Any CPU
		{E90AB07D-D263-4E6B-A033-36B7E84BCB4B}.Release|iPhone.ActiveCfg = Release|Any CPU
		{E90AB07D-D263-4E6B-A033-36B7E84BCB4B}.Release|iPhone.Build.0 = Release|Any CPU
		{E90AB07D-D263-4E6B-A033-36B7E84BCB4B}.Release|iPhone.Deploy.0 = Release|Any CPU
		{E90AB07D-D263-4E6B-A033-36B7E84BCB4B}.Release|iPhoneSimulator.ActiveCfg = Release|Any CPU
		{E90AB07D-D263-4E6B-A033-36B7E84BCB4B}.Release|iPhoneSimulator.Build.0 = Release|Any CPU
		{E90AB07D-D263-4E6B-A033-36B7E84BCB4B}.Release|iPhoneSimulator.Deploy.0 = Release|Any CPU
		{1B56CE0B-774D-4275-88BA-483275CE0B81}.Ad-Hoc|Any CPU.ActiveCfg = Ad-Hoc|iPhone
		{1B56CE0B-774D-4275-88BA-483275CE0B81}.Ad-Hoc|iPhone.ActiveCfg = Ad-Hoc|iPhone
		{1B56CE0B-774D-4275-88BA-483275CE0B81}.Ad-Hoc|iPhone.Build.0 = Ad-Hoc|iPhone
		{1B56CE0B-774D-4275-88BA-483275CE0B81}.Ad-Hoc|iPhoneSimulator.ActiveCfg = Ad-Hoc|iPhoneSimulator
		{1B56CE0B-774D-4275-88BA-483275CE0B81}.Ad-Hoc|iPhoneSimulator.Build.0 = Ad-Hoc|iPhoneSimulator
		{1B56CE0B-774D-4275-88BA-483275CE0B81}.AppStore|Any CPU.ActiveCfg = AppStore|iPhone
		{1B56CE0B-774D-4275-88BA-483275CE0B81}.AppStore|iPhone.ActiveCfg = AppStore|iPhone
		{1B56CE0B-774D-4275-88BA-483275CE0B81}.AppStore|iPhone.Build.0 = AppStore|iPhone
		{1B56CE0B-774D-4275-88BA-483275CE0B81}.AppStore|iPhoneSimulator.ActiveCfg = AppStore|iPhoneSimulator
		{1B56CE0B-774D-4275-88BA-483275CE0B81}.AppStore|iPhoneSimulator.Build.0 = AppStore|iPhoneSimulator
		{1B56CE0B-774D-4275-88BA-483275CE0B81}.Debug|Any CPU.ActiveCfg = Debug|iPhone
		{1B56CE0B-774D-4275-88BA-483275CE0B81}.Debug|iPhone.ActiveCfg = Debug|iPhone
		{1B56CE0B-774D-4275-88BA-483275CE0B81}.Debug|iPhone.Build.0 = Debug|iPhone
		{1B56CE0B-774D-4275-88BA-483275CE0B81}.Debug|iPhoneSimulator.ActiveCfg = Debug|iPhoneSimulator
		{1B56CE0B-774D-4275-88BA-483275CE0B81}.Debug|iPhoneSimulator.Build.0 = Debug|iPhoneSimulator
		{1B56CE0B-774D-4275-88BA-483275CE0B81}.Release|Any CPU.ActiveCfg = Release|iPhone
		{1B56CE0B-774D-4275-88BA-483275CE0B81}.Release|iPhone.ActiveCfg = Release|iPhone
		{1B56CE0B-774D-4275-88BA-483275CE0B81}.Release|iPhone.Build.0 = Release|iPhone
		{1B56CE0B-774D-4275-88BA-483275CE0B81}.Release|iPhoneSimulator.ActiveCfg = Release|iPhoneSimulator
		{1B56CE0B-774D-4275-88BA-483275CE0B81}.Release|iPhoneSimulator.Build.0 = Release|iPhoneSimulator
	EndGlobalSection
	GlobalSection(SolutionProperties) = preSolution
		HideSolutionNode = FALSE
	EndGlobalSection
	GlobalSection(NestedProjects) = preSolution
		{E90AB07D-D263-4E6B-A033-36B7E84BCB4B} = {822C9A11-90C8-40F9-8881-CFBC22BFF2AB}
		{1B56CE0B-774D-4275-88BA-483275CE0B81} = {822C9A11-90C8-40F9-8881-CFBC22BFF2AB}
		{BB088FA5-B533-4B51-B0A5-5B72262D503C} = {822C9A11-90C8-40F9-8881-CFBC22BFF2AB}
	EndGlobalSection
	GlobalSection(ExtensibilityGlobals) = postSolution
		SolutionGuid = {647B8AC9-4CF4-4D53-A9F8-BA5DEB4EFEFC}
	EndGlobalSection
EndGlobal
